
Microsoft Visual Studio Solution File, Format Version 12.00
# Visual Studio Version 17
VisualStudioVersion = 17.0.31903.59
MinimumVisualStudioVersion = 10.0.40219.1
Project("{2150E333-8FDC-42A3-9474-1A3956D46DE8}") = "src", "src", "{827E0CD3-B72D-47B6-A68D-7590B98EB39B}"
EndProject
Project("{FAE04EC0-301F-11D3-BF4B-00C04F79EFBC}") = "UnoPlatform.AdMob", "src\UnoPlatform.AdMob\UnoPlatform.AdMob.csproj", "{A2ADD3C8-CC78-4ED6-9C67-72366D8CC056}"
EndProject
Project("{2150E333-8FDC-42A3-9474-1A3956D46DE8}") = "samples", "samples", "{5D20AA90-6969-D8BD-9DCD-8634F4692FDA}"
EndProject
Project("{2150E333-8FDC-42A3-9474-1A3956D46DE8}") = "UnoPlatform.AdMob.Sample", "UnoPlatform.AdMob.Sample", "{693F93A0-B637-48CB-87BE-18E01DAF37E5}"
EndProject
Project("{FAE04EC0-301F-11D3-BF4B-00C04F79EFBC}") = "UnoPlatform.AdMob.Sample", "samples\UnoPlatform.AdMob.Sample\UnoPlatform.AdMob.Sample\UnoPlatform.AdMob.Sample.csproj", "{973BD061-BECE-4893-8382-B41DB2300E03}"
EndProject
Project("{FAE04EC0-301F-11D3-BF4B-00C04F79EFBC}") = "UnoPlatform.AdMob.Sample.Mobile", "samples\UnoPlatform.AdMob.Sample\UnoPlatform.AdMob.Sample.Mobile\UnoPlatform.AdMob.Sample.Mobile.csproj", "{0BEB9E2C-B482-490F-98A2-602E92586684}"
EndProject
Project("{FAE04EC0-301F-11D3-BF4B-00C04F79EFBC}") = "UnoPlatform.AdMob.Sample.Wasm", "samples\UnoPlatform.AdMob.Sample\UnoPlatform.AdMob.Sample.Wasm\UnoPlatform.AdMob.Sample.Wasm.csproj", "{A2746D90-1450-4D58-9A6F-B215A23079FC}"
EndProject
Project("{FAE04EC0-301F-11D3-BF4B-00C04F79EFBC}") = "UnoPlatform.AdMob.Sample.Server", "samples\UnoPlatform.AdMob.Sample\UnoPlatform.AdMob.Sample.Server\UnoPlatform.AdMob.Sample.Server.csproj", "{FF67E552-7D93-4226-BFFC-0C7220E33C94}"
EndProject
Project("{FAE04EC0-301F-11D3-BF4B-00C04F79EFBC}") = "UnoPlatform.AdMob.Sample.Skia.Gtk", "samples\UnoPlatform.AdMob.Sample\UnoPlatform.AdMob.Sample.Skia.Gtk\UnoPlatform.AdMob.Sample.Skia.Gtk.csproj", "{7FC7BF26-47D5-4324-875C-63F346E5C8B3}"
EndProject
Global
	GlobalSection(SolutionConfigurationPlatforms) = preSolution
		Debug|Any CPU = Debug|Any CPU
		Debug|x64 = Debug|x64
		Debug|x86 = Debug|x86
		Release|Any CPU = Release|Any CPU
		Release|x64 = Release|x64
		Release|x86 = Release|x86
	EndGlobalSection
	GlobalSection(ProjectConfigurationPlatforms) = postSolution
		{A2ADD3C8-CC78-4ED6-9C67-72366D8CC056}.Debug|Any CPU.ActiveCfg = Debug|Any CPU
		{A2ADD3C8-CC78-4ED6-9C67-72366D8CC056}.Debug|Any CPU.Build.0 = Debug|Any CPU
		{A2ADD3C8-CC78-4ED6-9C67-72366D8CC056}.Debug|x64.ActiveCfg = Debug|Any CPU
		{A2ADD3C8-CC78-4ED6-9C67-72366D8CC056}.Debug|x64.Build.0 = Debug|Any CPU
		{A2ADD3C8-CC78-4ED6-9C67-72366D8CC056}.Debug|x86.ActiveCfg = Debug|Any CPU
		{A2ADD3C8-CC78-4ED6-9C67-72366D8CC056}.Debug|x86.Build.0 = Debug|Any CPU
		{A2ADD3C8-CC78-4ED6-9C67-72366D8CC056}.Release|Any CPU.ActiveCfg = Release|Any CPU
		{A2ADD3C8-CC78-4ED6-9C67-72366D8CC056}.Release|Any CPU.Build.0 = Release|Any CPU
		{A2ADD3C8-CC78-4ED6-9C67-72366D8CC056}.Release|x64.ActiveCfg = Release|Any CPU
		{A2ADD3C8-CC78-4ED6-9C67-72366D8CC056}.Release|x64.Build.0 = Release|Any CPU
		{A2ADD3C8-CC78-4ED6-9C67-72366D8CC056}.Release|x86.ActiveCfg = Release|Any CPU
		{A2ADD3C8-CC78-4ED6-9C67-72366D8CC056}.Release|x86.Build.0 = Release|Any CPU
		{973BD061-BECE-4893-8382-B41DB2300E03}.Debug|Any CPU.ActiveCfg = Debug|Any CPU
		{973BD061-BECE-4893-8382-B41DB2300E03}.Debug|Any CPU.Build.0 = Debug|Any CPU
		{973BD061-BECE-4893-8382-B41DB2300E03}.Debug|x64.ActiveCfg = Debug|Any CPU
		{973BD061-BECE-4893-8382-B41DB2300E03}.Debug|x64.Build.0 = Debug|Any CPU
		{973BD061-BECE-4893-8382-B41DB2300E03}.Debug|x86.ActiveCfg = Debug|Any CPU
		{973BD061-BECE-4893-8382-B41DB2300E03}.Debug|x86.Build.0 = Debug|Any CPU
		{973BD061-BECE-4893-8382-B41DB2300E03}.Release|Any CPU.ActiveCfg = Release|Any CPU
		{973BD061-BECE-4893-8382-B41DB2300E03}.Release|Any CPU.Build.0 = Release|Any CPU
		{973BD061-BECE-4893-8382-B41DB2300E03}.Release|x64.ActiveCfg = Release|Any CPU
		{973BD061-BECE-4893-8382-B41DB2300E03}.Release|x64.Build.0 = Release|Any CPU
		{973BD061-BECE-4893-8382-B41DB2300E03}.Release|x86.ActiveCfg = Release|Any CPU
		{973BD061-BECE-4893-8382-B41DB2300E03}.Release|x86.Build.0 = Release|Any CPU
		{0BEB9E2C-B482-490F-98A2-602E92586684}.Debug|Any CPU.ActiveCfg = Debug|Any CPU
		{0BEB9E2C-B482-490F-98A2-602E92586684}.Debug|Any CPU.Build.0 = Debug|Any CPU
		{0BEB9E2C-B482-490F-98A2-602E92586684}.Debug|x64.ActiveCfg = Debug|Any CPU
		{0BEB9E2C-B482-490F-98A2-602E92586684}.Debug|x64.Build.0 = Debug|Any CPU
		{0BEB9E2C-B482-490F-98A2-602E92586684}.Debug|x86.ActiveCfg = Debug|Any CPU
		{0BEB9E2C-B482-490F-98A2-602E92586684}.Debug|x86.Build.0 = Debug|Any CPU
		{0BEB9E2C-B482-490F-98A2-602E92586684}.Release|Any CPU.ActiveCfg = Release|Any CPU
		{0BEB9E2C-B482-490F-98A2-602E92586684}.Release|Any CPU.Build.0 = Release|Any CPU
		{0BEB9E2C-B482-490F-98A2-602E92586684}.Release|x64.ActiveCfg = Release|Any CPU
		{0BEB9E2C-B482-490F-98A2-602E92586684}.Release|x64.Build.0 = Release|Any CPU
		{0BEB9E2C-B482-490F-98A2-602E92586684}.Release|x86.ActiveCfg = Release|Any CPU
		{0BEB9E2C-B482-490F-98A2-602E92586684}.Release|x86.Build.0 = Release|Any CPU
		{A2746D90-1450-4D58-9A6F-B215A23079FC}.Debug|Any CPU.ActiveCfg = Debug|Any CPU
		{A2746D90-1450-4D58-9A6F-B215A23079FC}.Debug|Any CPU.Build.0 = Debug|Any CPU
		{A2746D90-1450-4D58-9A6F-B215A23079FC}.Debug|x64.ActiveCfg = Debug|Any CPU
		{A2746D90-1450-4D58-9A6F-B215A23079FC}.Debug|x64.Build.0 = Debug|Any CPU
		{A2746D90-1450-4D58-9A6F-B215A23079FC}.Debug|x86.ActiveCfg = Debug|Any CPU
		{A2746D90-1450-4D58-9A6F-B215A23079FC}.Debug|x86.Build.0 = Debug|Any CPU
		{A2746D90-1450-4D58-9A6F-B215A23079FC}.Release|Any CPU.ActiveCfg = Release|Any CPU
		{A2746D90-1450-4D58-9A6F-B215A23079FC}.Release|Any CPU.Build.0 = Release|Any CPU
		{A2746D90-1450-4D58-9A6F-B215A23079FC}.Release|x64.ActiveCfg = Release|Any CPU
		{A2746D90-1450-4D58-9A6F-B215A23079FC}.Release|x64.Build.0 = Release|Any CPU
		{A2746D90-1450-4D58-9A6F-B215A23079FC}.Release|x86.ActiveCfg = Release|Any CPU
		{A2746D90-1450-4D58-9A6F-B215A23079FC}.Release|x86.Build.0 = Release|Any CPU
		{FF67E552-7D93-4226-BFFC-0C7220E33C94}.Debug|Any CPU.ActiveCfg = Debug|Any CPU
		{FF67E552-7D93-4226-BFFC-0C7220E33C94}.Debug|Any CPU.Build.0 = Debug|Any CPU
		{FF67E552-7D93-4226-BFFC-0C7220E33C94}.Debug|x64.ActiveCfg = Debug|Any CPU
		{FF67E552-7D93-4226-BFFC-0C7220E33C94}.Debug|x64.Build.0 = Debug|Any CPU
		{FF67E552-7D93-4226-BFFC-0C7220E33C94}.Debug|x86.ActiveCfg = Debug|Any CPU
		{FF67E552-7D93-4226-BFFC-0C7220E33C94}.Debug|x86.Build.0 = Debug|Any CPU
		{FF67E552-7D93-4226-BFFC-0C7220E33C94}.Release|Any CPU.ActiveCfg = Release|Any CPU
		{FF67E552-7D93-4226-BFFC-0C7220E33C94}.Release|Any CPU.Build.0 = Release|Any CPU
		{FF67E552-7D93-4226-BFFC-0C7220E33C94}.Release|x64.ActiveCfg = Release|Any CPU
		{FF67E552-7D93-4226-BFFC-0C7220E33C94}.Release|x64.Build.0 = Release|Any CPU
		{FF67E552-7D93-4226-BFFC-0C7220E33C94}.Release|x86.ActiveCfg = Release|Any CPU
		{FF67E552-7D93-4226-BFFC-0C7220E33C94}.Release|x86.Build.0 = Release|Any CPU
		{7FC7BF26-47D5-4324-875C-63F346E5C8B3}.Debug|Any CPU.ActiveCfg = Debug|Any CPU
		{7FC7BF26-47D5-4324-875C-63F346E5C8B3}.Debug|Any CPU.Build.0 = Debug|Any CPU
		{7FC7BF26-47D5-4324-875C-63F346E5C8B3}.Debug|x64.ActiveCfg = Debug|Any CPU
		{7FC7BF26-47D5-4324-875C-63F346E5C8B3}.Debug|x64.Build.0 = Debug|Any CPU
		{7FC7BF26-47D5-4324-875C-63F346E5C8B3}.Debug|x86.ActiveCfg = Debug|Any CPU
		{7FC7BF26-47D5-4324-875C-63F346E5C8B3}.Debug|x86.Build.0 = Debug|Any CPU
		{7FC7BF26-47D5-4324-875C-63F346E5C8B3}.Release|Any CPU.ActiveCfg = Release|Any CPU
		{7FC7BF26-47D5-4324-875C-63F346E5C8B3}.Release|Any CPU.Build.0 = Release|Any CPU
		{7FC7BF26-47D5-4324-875C-63F346E5C8B3}.Release|x64.ActiveCfg = Release|Any CPU
		{7FC7BF26-47D5-4324-875C-63F346E5C8B3}.Release|x64.Build.0 = Release|Any CPU
		{7FC7BF26-47D5-4324-875C-63F346E5C8B3}.Release|x86.ActiveCfg = Release|Any CPU
		{7FC7BF26-47D5-4324-875C-63F346E5C8B3}.Release|x86.Build.0 = Release|Any CPU
	EndGlobalSection
	GlobalSection(SolutionProperties) = preSolution
		HideSolutionNode = FALSE
	EndGlobalSection
	GlobalSection(NestedProjects) = preSolution
		{A2ADD3C8-CC78-4ED6-9C67-72366D8CC056} = {827E0CD3-B72D-47B6-A68D-7590B98EB39B}
		{693F93A0-B637-48CB-87BE-18E01DAF37E5} = {5D20AA90-6969-D8BD-9DCD-8634F4692FDA}
		{973BD061-BECE-4893-8382-B41DB2300E03} = {693F93A0-B637-48CB-87BE-18E01DAF37E5}
		{0BEB9E2C-B482-490F-98A2-602E92586684} = {693F93A0-B637-48CB-87BE-18E01DAF37E5}
		{A2746D90-1450-4D58-9A6F-B215A23079FC} = {693F93A0-B637-48CB-87BE-18E01DAF37E5}
		{FF67E552-7D93-4226-BFFC-0C7220E33C94} = {693F93A0-B637-48CB-87BE-18E01DAF37E5}
		{7FC7BF26-47D5-4324-875C-63F346E5C8B3} = {693F93A0-B637-48CB-87BE-18E01DAF37E5}
	EndGlobalSection
EndGlobal
