
Microsoft Visual Studio Solution File, Format Version 12.00
# Visual Studio Version 17
VisualStudioVersion = 17.0.31903.59
MinimumVisualStudioVersion = 10.0.40219.1
Project("{2150E333-8FDC-42A3-9474-1A3956D46DE8}") = "samples", "samples", "{5D20AA90-6969-D8BD-9DCD-8634F4692FDA}"
EndProject
Project("{2150E333-8FDC-42A3-9474-1A3956D46DE8}") = "UnoPlatform.AdSense.Sample", "UnoPlatform.AdSense.Sample", "{48D8CF08-1B89-3DE9-A97F-557B3764814C}"
EndProject
Project("{FAE04EC0-301F-11D3-BF4B-00C04F79EFBC}") = "UnoPlatform.AdSense.Sample", "samples\UnoPlatform.AdSense.Sample\UnoPlatform.AdSense.Sample\UnoPlatform.AdSense.Sample.csproj", "{D40BD340-4DED-43E9-8B9D-BB871F2F76C4}"
EndProject
Global
	GlobalSection(SolutionConfigurationPlatforms) = preSolution
		Debug|Any CPU = Debug|Any CPU
		Debug|x64 = Debug|x64
		Debug|x86 = Debug|x86
		Release|Any CPU = Release|Any CPU
		Release|x64 = Release|x64
		Release|x86 = Release|x86
	EndGlobalSection
	GlobalSection(ProjectConfigurationPlatforms) = postSolution
		{D40BD340-4DED-43E9-8B9D-BB871F2F76C4}.Debug|Any CPU.ActiveCfg = Debug|Any CPU
		{D40BD340-4DED-43E9-8B9D-BB871F2F76C4}.Debug|Any CPU.Build.0 = Debug|Any CPU
		{D40BD340-4DED-43E9-8B9D-BB871F2F76C4}.Debug|x64.ActiveCfg = Debug|Any CPU
		{D40BD340-4DED-43E9-8B9D-BB871F2F76C4}.Debug|x64.Build.0 = Debug|Any CPU
		{D40BD340-4DED-43E9-8B9D-BB871F2F76C4}.Debug|x86.ActiveCfg = Debug|Any CPU
		{D40BD340-4DED-43E9-8B9D-BB871F2F76C4}.Debug|x86.Build.0 = Debug|Any CPU
		{D40BD340-4DED-43E9-8B9D-BB871F2F76C4}.Release|Any CPU.ActiveCfg = Release|Any CPU
		{D40BD340-4DED-43E9-8B9D-BB871F2F76C4}.Release|Any CPU.Build.0 = Release|Any CPU
		{D40BD340-4DED-43E9-8B9D-BB871F2F76C4}.Release|x64.ActiveCfg = Release|Any CPU
		{D40BD340-4DED-43E9-8B9D-BB871F2F76C4}.Release|x64.Build.0 = Release|Any CPU
		{D40BD340-4DED-43E9-8B9D-BB871F2F76C4}.Release|x86.ActiveCfg = Release|Any CPU
		{D40BD340-4DED-43E9-8B9D-BB871F2F76C4}.Release|x86.Build.0 = Release|Any CPU
	EndGlobalSection
	GlobalSection(SolutionProperties) = preSolution
		HideSolutionNode = FALSE
	EndGlobalSection
	GlobalSection(NestedProjects) = preSolution
		{48D8CF08-1B89-3DE9-A97F-557B3764814C} = {5D20AA90-6969-D8BD-9DCD-8634F4692FDA}
		{D40BD340-4DED-43E9-8B9D-BB871F2F76C4} = {48D8CF08-1B89-3DE9-A97F-557B3764814C}
	EndGlobalSection
EndGlobal
