Microsoft Visual Studio Solution File, Format Version 12.00
# Visual Studio Version 16
VisualStudioVersion = 16.0.29920.165
MinimumVisualStudioVersion = 15.0.26124.0

Project("{9A19103F-16F7-4668-BE54-9A1E7A4F7556}") = "UnoPlatform.AdMob.Sample", "UnoPlatform.AdMob.Sample\UnoPlatform.AdMob.Sample.csproj", "{A5B8155A-119F-4794-B551-C6F3CF7E5411}"
EndProject

Project("{FAE04EC0-301F-11D3-BF4B-00C04F79EFBC}") = "UnoPlatform.AdMob.Sample.Mobile", "UnoPlatform.AdMob.Sample.Mobile\UnoPlatform.AdMob.Sample.Mobile.csproj", "{D9975AD6-52B9-482D-9998-543AC5DB9CA0}"
EndProject

Project("{9A19103F-16F7-4668-BE54-9A1E7A4F7556}") = "UnoPlatform.AdMob.Sample.Wasm", "UnoPlatform.AdMob.Sample.Wasm\UnoPlatform.AdMob.Sample.Wasm.csproj", "{40EA03F7-8A22-4143-B251-79BAC3EB13D2}"
EndProject

Project("{9A19103F-16F7-4668-BE54-9A1E7A4F7556}") = "UnoPlatform.AdMob.Sample.Server", "UnoPlatform.AdMob.Sample.Server\UnoPlatform.AdMob.Sample.Server.csproj", "{40EA03F7-8A22-1234-B251-79BAC3EB13D2}"
EndProject

Project("{9A19103F-16F7-4668-BE54-9A1E7A4F7556}") = "UnoPlatform.AdMob.Sample.Skia.Gtk", "UnoPlatform.AdMob.Sample.Skia.Gtk\UnoPlatform.AdMob.Sample.Skia.Gtk.csproj", "{A5B8155A-118F-4794-B551-C6F3CF7E5411}"
EndProject

Project("{9A19103F-16F7-4668-BE54-9A1E7A4F7556}") = "UnoPlatform.AdMob.Sample.Skia.WPF", "UnoPlatform.AdMob.Sample.Skia.WPF\UnoPlatform.AdMob.Sample.Skia.WPF.csproj", "{8CA076EF-1C1C-4167-AE5F-CD62EB1522C6}"
EndProject

Project("{9A19103F-16F7-4668-BE54-9A1E7A4F7556}") = "UnoPlatform.AdMob.Sample.Windows", "UnoPlatform.AdMob.Sample.Windows\UnoPlatform.AdMob.Sample.Windows.csproj", "{1AA13270-F438-4864-9435-54FD806E10EA}"
EndProject

Project("{9A19103F-16F7-4668-BE54-9A1E7A4F7556}") = "UnoPlatform.AdMob.Sample.Skia.Linux.FrameBuffer", "UnoPlatform.AdMob.Sample.Skia.Linux.FrameBuffer\UnoPlatform.AdMob.Sample.Skia.Linux.FrameBuffer.csproj", "{761D821E-9905-4444-9ADF-76C995FE5427}"
EndProject

Global
	GlobalSection(SharedMSBuildProjectFiles) = preSolution
		UnoPlatform.AdMob.Sample.Shared\UnoPlatform.AdMob.Sample.Shared.projitems*{1aa13270-f438-4864-9435-54fd806e10ea}*SharedItemsImports = 5
		UnoPlatform.AdMob.Sample.Shared\UnoPlatform.AdMob.Sample.Shared.projitems*{524488BC-29AA-4BC0-A5C1-2C62078F2C8B}*SharedItemsImports = 4
		UnoPlatform.AdMob.Sample.Shared\UnoPlatform.AdMob.Sample.Shared.projitems*{40ea03f7-8a22-4143-b251-79bac3eb13d2}*SharedItemsImports = 5
		UnoPlatform.AdMob.Sample.Shared\UnoPlatform.AdMob.Sample.Shared.projitems*{8CA076EF-1C1C-4167-AE5F-CD62EB1522C6}*SharedItemsImports = 5
		UnoPlatform.AdMob.Sample.Shared\UnoPlatform.AdMob.Sample.Shared.projitems*{DD9B258A-96CD-4D4D-A0B3-93B8979F1890}*SharedItemsImports = 4
		UnoPlatform.AdMob.Sample.Shared\UnoPlatform.AdMob.Sample.Shared.projitems*{D61E9A93-72D8-48BC-8C37-81D2F3DEBA59}*SharedItemsImports = 4
		UnoPlatform.AdMob.Sample.Shared\UnoPlatform.AdMob.Sample.Shared.projitems*{a5b8155a-118f-4794-b551-c6f3cf7e5411}*SharedItemsImports = 5
		UnoPlatform.AdMob.Sample.Shared\UnoPlatform.AdMob.Sample.Shared.projitems*{D9975AD6-52B9-482D-9998-543AC5DB9CA0}*SharedItemsImports = 4
	EndGlobalSection
	GlobalSection(SolutionConfigurationPlatforms) = preSolution
		Debug|Any CPU = Debug|Any CPU
		Debug|ARM = Debug|ARM
		Debug|ARM64 = Debug|ARM64
		Debug|iPhone = Debug|iPhone
		Debug|iPhoneSimulator = Debug|iPhoneSimulator
		Debug|x64 = Debug|x64
		Debug|x86 = Debug|x86
		Release|Any CPU = Release|Any CPU
		Release|ARM = Release|ARM
		Release|ARM64 = Release|ARM64
		Release|iPhone = Release|iPhone
		Release|iPhoneSimulator = Release|iPhoneSimulator
		Release|x64 = Release|x64
		Release|x86 = Release|x86
	EndGlobalSection
	GlobalSection(ProjectConfigurationPlatforms) = postSolution
		{D9975AD6-52B9-482D-9998-543AC5DB9CA0}.Debug|Any CPU.ActiveCfg = Debug|Any CPU
		{D9975AD6-52B9-482D-9998-543AC5DB9CA0}.Debug|Any CPU.Build.0 = Debug|Any CPU
		{D9975AD6-52B9-482D-9998-543AC5DB9CA0}.Debug|Any CPU.Deploy.0 = Debug|Any CPU
		{D9975AD6-52B9-482D-9998-543AC5DB9CA0}.Debug|ARM.ActiveCfg = Debug|Any CPU
		{D9975AD6-52B9-482D-9998-543AC5DB9CA0}.Debug|ARM.Build.0 = Debug|Any CPU
		{D9975AD6-52B9-482D-9998-543AC5DB9CA0}.Debug|ARM.Deploy.0 = Debug|Any CPU
		{D9975AD6-52B9-482D-9998-543AC5DB9CA0}.Debug|ARM64.ActiveCfg = Debug|Any CPU
		{D9975AD6-52B9-482D-9998-543AC5DB9CA0}.Debug|ARM64.Build.0 = Debug|Any CPU
		{D9975AD6-52B9-482D-9998-543AC5DB9CA0}.Debug|ARM64.Deploy.0 = Debug|Any CPU
		{D9975AD6-52B9-482D-9998-543AC5DB9CA0}.Debug|iPhone.ActiveCfg = Debug|Any CPU
		{D9975AD6-52B9-482D-9998-543AC5DB9CA0}.Debug|iPhone.Build.0 = Debug|Any CPU
		{D9975AD6-52B9-482D-9998-543AC5DB9CA0}.Debug|iPhone.Deploy.0 = Debug|Any CPU
		{D9975AD6-52B9-482D-9998-543AC5DB9CA0}.Debug|iPhoneSimulator.ActiveCfg = Debug|Any CPU
		{D9975AD6-52B9-482D-9998-543AC5DB9CA0}.Debug|iPhoneSimulator.Build.0 = Debug|Any CPU
		{D9975AD6-52B9-482D-9998-543AC5DB9CA0}.Debug|iPhoneSimulator.Deploy.0 = Debug|Any CPU
		{D9975AD6-52B9-482D-9998-543AC5DB9CA0}.Debug|x64.ActiveCfg = Debug|Any CPU
		{D9975AD6-52B9-482D-9998-543AC5DB9CA0}.Debug|x64.Build.0 = Debug|Any CPU
		{D9975AD6-52B9-482D-9998-543AC5DB9CA0}.Debug|x64.Deploy.0 = Debug|Any CPU
		{D9975AD6-52B9-482D-9998-543AC5DB9CA0}.Debug|x86.ActiveCfg = Debug|Any CPU
		{D9975AD6-52B9-482D-9998-543AC5DB9CA0}.Debug|x86.Build.0 = Debug|Any CPU
		{D9975AD6-52B9-482D-9998-543AC5DB9CA0}.Debug|x86.Deploy.0 = Debug|Any CPU

		{D9975AD6-52B9-482D-9998-543AC5DB9CA0}.Release|Any CPU.ActiveCfg = Release|Any CPU
		{D9975AD6-52B9-482D-9998-543AC5DB9CA0}.Release|Any CPU.Build.0 = Release|Any CPU
		{D9975AD6-52B9-482D-9998-543AC5DB9CA0}.Release|Any CPU.Deploy.0 = Release|Any CPU
		{D9975AD6-52B9-482D-9998-543AC5DB9CA0}.Release|ARM.ActiveCfg = Release|Any CPU
		{D9975AD6-52B9-482D-9998-543AC5DB9CA0}.Release|ARM.Build.0 = Release|Any CPU
		{D9975AD6-52B9-482D-9998-543AC5DB9CA0}.Release|ARM.Deploy.0 = Release|Any CPU
		{D9975AD6-52B9-482D-9998-543AC5DB9CA0}.Release|ARM64.ActiveCfg = Release|Any CPU
		{D9975AD6-52B9-482D-9998-543AC5DB9CA0}.Release|ARM64.Build.0 = Release|Any CPU
		{D9975AD6-52B9-482D-9998-543AC5DB9CA0}.Release|ARM64.Deploy.0 = Release|Any CPU
		{D9975AD6-52B9-482D-9998-543AC5DB9CA0}.Release|iPhone.ActiveCfg = Release|Any CPU
		{D9975AD6-52B9-482D-9998-543AC5DB9CA0}.Release|iPhone.Build.0 = Release|Any CPU
		{D9975AD6-52B9-482D-9998-543AC5DB9CA0}.Release|iPhone.Deploy.0 = Release|Any CPU
		{D9975AD6-52B9-482D-9998-543AC5DB9CA0}.Release|iPhoneSimulator.ActiveCfg = Release|Any CPU
		{D9975AD6-52B9-482D-9998-543AC5DB9CA0}.Release|iPhoneSimulator.Build.0 = Release|Any CPU
		{D9975AD6-52B9-482D-9998-543AC5DB9CA0}.Release|iPhoneSimulator.Deploy.0 = Release|Any CPU
		{D9975AD6-52B9-482D-9998-543AC5DB9CA0}.Release|x64.ActiveCfg = Release|Any CPU
		{D9975AD6-52B9-482D-9998-543AC5DB9CA0}.Release|x64.Build.0 = Release|Any CPU
		{D9975AD6-52B9-482D-9998-543AC5DB9CA0}.Release|x64.Deploy.0 = Release|Any CPU
		{D9975AD6-52B9-482D-9998-543AC5DB9CA0}.Release|x86.ActiveCfg = Release|Any CPU
		{D9975AD6-52B9-482D-9998-543AC5DB9CA0}.Release|x86.Build.0 = Release|Any CPU
		{D9975AD6-52B9-482D-9998-543AC5DB9CA0}.Release|x86.Deploy.0 = Release|Any CPU
		{D61E9A93-72D8-48BC-8C37-81D2F3DEBA59}.Debug|Any CPU.ActiveCfg = Debug|iPhone
		{D61E9A93-72D8-48BC-8C37-81D2F3DEBA59}.Debug|Any CPU.Build.0 = Debug|iPhone
		{D61E9A93-72D8-48BC-8C37-81D2F3DEBA59}.Debug|Any CPU.Deploy.0 = Debug|iPhone
		{D61E9A93-72D8-48BC-8C37-81D2F3DEBA59}.Debug|ARM.ActiveCfg = Debug|iPhone
		{D61E9A93-72D8-48BC-8C37-81D2F3DEBA59}.Debug|ARM64.ActiveCfg = Debug|iPhone
		{D61E9A93-72D8-48BC-8C37-81D2F3DEBA59}.Debug|iPhone.ActiveCfg = Debug|iPhone
		{D61E9A93-72D8-48BC-8C37-81D2F3DEBA59}.Debug|iPhone.Build.0 = Debug|iPhone
		{D61E9A93-72D8-48BC-8C37-81D2F3DEBA59}.Debug|iPhoneSimulator.ActiveCfg = Debug|iPhoneSimulator
		{D61E9A93-72D8-48BC-8C37-81D2F3DEBA59}.Debug|iPhoneSimulator.Build.0 = Debug|iPhoneSimulator
		{D61E9A93-72D8-48BC-8C37-81D2F3DEBA59}.Debug|x64.ActiveCfg = Debug|iPhone
		{D61E9A93-72D8-48BC-8C37-81D2F3DEBA59}.Debug|x64.Build.0 = Debug|iPhone
		{D61E9A93-72D8-48BC-8C37-81D2F3DEBA59}.Debug|x64.Deploy.0 = Debug|iPhone
		{D61E9A93-72D8-48BC-8C37-81D2F3DEBA59}.Debug|x86.ActiveCfg = Debug|iPhoneSimulator
		{D61E9A93-72D8-48BC-8C37-81D2F3DEBA59}.Debug|x86.Build.0 = Debug|iPhoneSimulator
		{D61E9A93-72D8-48BC-8C37-81D2F3DEBA59}.Debug|x86.Deploy.0 = Debug|iPhoneSimulator
		{D61E9A93-72D8-48BC-8C37-81D2F3DEBA59}.Release|Any CPU.ActiveCfg = Release|iPhone
		{D61E9A93-72D8-48BC-8C37-81D2F3DEBA59}.Release|ARM.ActiveCfg = Release|iPhone
		{D61E9A93-72D8-48BC-8C37-81D2F3DEBA59}.Release|ARM64.ActiveCfg = Release|iPhone
		{D61E9A93-72D8-48BC-8C37-81D2F3DEBA59}.Release|iPhone.ActiveCfg = Release|iPhone
		{D61E9A93-72D8-48BC-8C37-81D2F3DEBA59}.Release|iPhone.Build.0 = Release|iPhone
		{D61E9A93-72D8-48BC-8C37-81D2F3DEBA59}.Release|iPhoneSimulator.ActiveCfg = Release|iPhoneSimulator
		{D61E9A93-72D8-48BC-8C37-81D2F3DEBA59}.Release|iPhoneSimulator.Build.0 = Release|iPhoneSimulator
		{D61E9A93-72D8-48BC-8C37-81D2F3DEBA59}.Release|x64.ActiveCfg = Release|iPhoneSimulator
		{D61E9A93-72D8-48BC-8C37-81D2F3DEBA59}.Release|x64.Build.0 = Release|iPhoneSimulator
		{D61E9A93-72D8-48BC-8C37-81D2F3DEBA59}.Release|x64.Deploy.0 = Release|iPhoneSimulator
		{D61E9A93-72D8-48BC-8C37-81D2F3DEBA59}.Release|x86.ActiveCfg = Release|iPhoneSimulator
		{D61E9A93-72D8-48BC-8C37-81D2F3DEBA59}.Release|x86.Build.0 = Release|iPhoneSimulator

		{DD9B258A-96CD-4D4D-A0B3-93B8979F1890}.Debug|Any CPU.ActiveCfg = Debug|x86
		{DD9B258A-96CD-4D4D-A0B3-93B8979F1890}.Debug|Any CPU.Build.0 = Debug|x86
		{DD9B258A-96CD-4D4D-A0B3-93B8979F1890}.Debug|Any CPU.Deploy.0 = Debug|x86
		{DD9B258A-96CD-4D4D-A0B3-93B8979F1890}.Debug|ARM.ActiveCfg = Debug|ARM
		{DD9B258A-96CD-4D4D-A0B3-93B8979F1890}.Debug|ARM.Build.0 = Debug|ARM
		{DD9B258A-96CD-4D4D-A0B3-93B8979F1890}.Debug|ARM.Deploy.0 = Debug|ARM
		{DD9B258A-96CD-4D4D-A0B3-93B8979F1890}.Debug|ARM64.ActiveCfg = Debug|ARM64
		{DD9B258A-96CD-4D4D-A0B3-93B8979F1890}.Debug|ARM64.Build.0 = Debug|ARM64
		{DD9B258A-96CD-4D4D-A0B3-93B8979F1890}.Debug|ARM64.Deploy.0 = Debug|ARM64
		{DD9B258A-96CD-4D4D-A0B3-93B8979F1890}.Debug|iPhone.ActiveCfg = Debug|x86
		{DD9B258A-96CD-4D4D-A0B3-93B8979F1890}.Debug|iPhone.Build.0 = Debug|x86
		{DD9B258A-96CD-4D4D-A0B3-93B8979F1890}.Debug|iPhone.Deploy.0 = Debug|x86
		{DD9B258A-96CD-4D4D-A0B3-93B8979F1890}.Debug|iPhoneSimulator.ActiveCfg = Debug|x86
		{DD9B258A-96CD-4D4D-A0B3-93B8979F1890}.Debug|iPhoneSimulator.Build.0 = Debug|x86
		{DD9B258A-96CD-4D4D-A0B3-93B8979F1890}.Debug|iPhoneSimulator.Deploy.0 = Debug|x86
		{DD9B258A-96CD-4D4D-A0B3-93B8979F1890}.Debug|x64.ActiveCfg = Debug|x64
		{DD9B258A-96CD-4D4D-A0B3-93B8979F1890}.Debug|x64.Build.0 = Debug|x64
		{DD9B258A-96CD-4D4D-A0B3-93B8979F1890}.Debug|x64.Deploy.0 = Debug|x64
		{DD9B258A-96CD-4D4D-A0B3-93B8979F1890}.Debug|x86.ActiveCfg = Debug|x86
		{DD9B258A-96CD-4D4D-A0B3-93B8979F1890}.Debug|x86.Build.0 = Debug|x86
		{DD9B258A-96CD-4D4D-A0B3-93B8979F1890}.Debug|x86.Deploy.0 = Debug|x86
		{DD9B258A-96CD-4D4D-A0B3-93B8979F1890}.Release|Any CPU.ActiveCfg = Release|x86
		{DD9B258A-96CD-4D4D-A0B3-93B8979F1890}.Release|ARM.ActiveCfg = Release|ARM
		{DD9B258A-96CD-4D4D-A0B3-93B8979F1890}.Release|ARM.Build.0 = Release|ARM
		{DD9B258A-96CD-4D4D-A0B3-93B8979F1890}.Release|ARM.Deploy.0 = Release|ARM
		{DD9B258A-96CD-4D4D-A0B3-93B8979F1890}.Release|ARM64.ActiveCfg = Release|ARM64
		{DD9B258A-96CD-4D4D-A0B3-93B8979F1890}.Release|ARM64.Build.0 = Release|ARM64
		{DD9B258A-96CD-4D4D-A0B3-93B8979F1890}.Release|ARM64.Deploy.0 = Release|ARM64
		{DD9B258A-96CD-4D4D-A0B3-93B8979F1890}.Release|iPhone.ActiveCfg = Release|x86
		{DD9B258A-96CD-4D4D-A0B3-93B8979F1890}.Release|iPhone.Build.0 = Release|x86
		{DD9B258A-96CD-4D4D-A0B3-93B8979F1890}.Release|iPhoneSimulator.ActiveCfg = Release|x86
		{DD9B258A-96CD-4D4D-A0B3-93B8979F1890}.Release|iPhoneSimulator.Build.0 = Release|x86
		{DD9B258A-96CD-4D4D-A0B3-93B8979F1890}.Release|iPhoneSimulator.Deploy.0 = Release|x86
		{DD9B258A-96CD-4D4D-A0B3-93B8979F1890}.Release|x64.ActiveCfg = Release|x64
		{DD9B258A-96CD-4D4D-A0B3-93B8979F1890}.Release|x64.Build.0 = Release|x64
		{DD9B258A-96CD-4D4D-A0B3-93B8979F1890}.Release|x64.Deploy.0 = Release|x64
		{DD9B258A-96CD-4D4D-A0B3-93B8979F1890}.Release|x86.ActiveCfg = Release|x86
		{DD9B258A-96CD-4D4D-A0B3-93B8979F1890}.Release|x86.Build.0 = Release|x86
		{DD9B258A-96CD-4D4D-A0B3-93B8979F1890}.Release|x86.Deploy.0 = Release|x86

		{8CA076EF-1C1C-4167-AE5F-CD62EB1522C6}.Debug|Any CPU.ActiveCfg = Debug|Any CPU
		{8CA076EF-1C1C-4167-AE5F-CD62EB1522C6}.Debug|Any CPU.Build.0 = Debug|Any CPU
		{8CA076EF-1C1C-4167-AE5F-CD62EB1522C6}.Debug|Any CPU.Deploy.0 = Debug|Any CPU
		{8CA076EF-1C1C-4167-AE5F-CD62EB1522C6}.Debug|ARM.ActiveCfg = Debug|Any CPU
		{8CA076EF-1C1C-4167-AE5F-CD62EB1522C6}.Debug|ARM.Build.0 = Debug|Any CPU
		{8CA076EF-1C1C-4167-AE5F-CD62EB1522C6}.Debug|ARM.Deploy.0 = Debug|Any CPU
		{8CA076EF-1C1C-4167-AE5F-CD62EB1522C6}.Debug|ARM64.ActiveCfg = Debug|Any CPU
		{8CA076EF-1C1C-4167-AE5F-CD62EB1522C6}.Debug|ARM64.Build.0 = Debug|Any CPU
		{8CA076EF-1C1C-4167-AE5F-CD62EB1522C6}.Debug|ARM64.Deploy.0 = Debug|Any CPU
		{8CA076EF-1C1C-4167-AE5F-CD62EB1522C6}.Debug|iPhone.ActiveCfg = Debug|Any CPU
		{8CA076EF-1C1C-4167-AE5F-CD62EB1522C6}.Debug|iPhone.Build.0 = Debug|Any CPU
		{8CA076EF-1C1C-4167-AE5F-CD62EB1522C6}.Debug|iPhone.Deploy.0 = Debug|Any CPU
		{8CA076EF-1C1C-4167-AE5F-CD62EB1522C6}.Debug|iPhoneSimulator.ActiveCfg = Debug|Any CPU
		{8CA076EF-1C1C-4167-AE5F-CD62EB1522C6}.Debug|iPhoneSimulator.Build.0 = Debug|Any CPU
		{8CA076EF-1C1C-4167-AE5F-CD62EB1522C6}.Debug|iPhoneSimulator.Deploy.0 = Debug|Any CPU
		{8CA076EF-1C1C-4167-AE5F-CD62EB1522C6}.Debug|x64.ActiveCfg = Debug|Any CPU
		{8CA076EF-1C1C-4167-AE5F-CD62EB1522C6}.Debug|x64.Build.0 = Debug|Any CPU
		{8CA076EF-1C1C-4167-AE5F-CD62EB1522C6}.Debug|x64.Deploy.0 = Debug|Any CPU
		{8CA076EF-1C1C-4167-AE5F-CD62EB1522C6}.Debug|x86.ActiveCfg = Debug|Any CPU
		{8CA076EF-1C1C-4167-AE5F-CD62EB1522C6}.Debug|x86.Build.0 = Debug|Any CPU
		{8CA076EF-1C1C-4167-AE5F-CD62EB1522C6}.Debug|x86.Deploy.0 = Debug|Any CPU
		{8CA076EF-1C1C-4167-AE5F-CD62EB1522C6}.Release|Any CPU.ActiveCfg = Release|Any CPU
		{8CA076EF-1C1C-4167-AE5F-CD62EB1522C6}.Release|Any CPU.Build.0 = Release|Any CPU
		{8CA076EF-1C1C-4167-AE5F-CD62EB1522C6}.Release|ARM.ActiveCfg = Release|Any CPU
		{8CA076EF-1C1C-4167-AE5F-CD62EB1522C6}.Release|ARM.Build.0 = Release|Any CPU
		{8CA076EF-1C1C-4167-AE5F-CD62EB1522C6}.Release|ARM.Deploy.0 = Release|Any CPU
		{8CA076EF-1C1C-4167-AE5F-CD62EB1522C6}.Release|ARM64.ActiveCfg = Release|Any CPU
		{8CA076EF-1C1C-4167-AE5F-CD62EB1522C6}.Release|ARM64.Build.0 = Release|Any CPU
		{8CA076EF-1C1C-4167-AE5F-CD62EB1522C6}.Release|ARM64.Deploy.0 = Release|Any CPU
		{8CA076EF-1C1C-4167-AE5F-CD62EB1522C6}.Release|iPhone.ActiveCfg = Release|Any CPU
		{8CA076EF-1C1C-4167-AE5F-CD62EB1522C6}.Release|iPhone.Build.0 = Release|Any CPU
		{8CA076EF-1C1C-4167-AE5F-CD62EB1522C6}.Release|iPhoneSimulator.ActiveCfg = Release|Any CPU
		{8CA076EF-1C1C-4167-AE5F-CD62EB1522C6}.Release|iPhoneSimulator.Build.0 = Release|Any CPU
		{8CA076EF-1C1C-4167-AE5F-CD62EB1522C6}.Release|iPhoneSimulator.Deploy.0 = Release|Any CPU
		{8CA076EF-1C1C-4167-AE5F-CD62EB1522C6}.Release|x64.ActiveCfg = Release|Any CPU
		{8CA076EF-1C1C-4167-AE5F-CD62EB1522C6}.Release|x64.Build.0 = Release|Any CPU
		{8CA076EF-1C1C-4167-AE5F-CD62EB1522C6}.Release|x64.Deploy.0 = Release|Any CPU
		{8CA076EF-1C1C-4167-AE5F-CD62EB1522C6}.Release|x86.ActiveCfg = Release|Any CPU
		{8CA076EF-1C1C-4167-AE5F-CD62EB1522C6}.Release|x86.Build.0 = Release|Any CPU
		{8CA076EF-1C1C-4167-AE5F-CD62EB1522C6}.Release|x86.Deploy.0 = Release|Any CPU

		{A5B8155A-118F-4794-B551-C6F3CF7E5411}.Debug|Any CPU.ActiveCfg = Debug|Any CPU
		{A5B8155A-118F-4794-B551-C6F3CF7E5411}.Debug|Any CPU.Build.0 = Debug|Any CPU
		{A5B8155A-118F-4794-B551-C6F3CF7E5411}.Debug|ARM.ActiveCfg = Debug|Any CPU
		{A5B8155A-118F-4794-B551-C6F3CF7E5411}.Debug|ARM.Build.0 = Debug|Any CPU
		{A5B8155A-118F-4794-B551-C6F3CF7E5411}.Debug|ARM64.ActiveCfg = Debug|Any CPU
		{A5B8155A-118F-4794-B551-C6F3CF7E5411}.Debug|ARM64.Build.0 = Debug|Any CPU
		{A5B8155A-118F-4794-B551-C6F3CF7E5411}.Debug|iPhone.ActiveCfg = Debug|Any CPU
		{A5B8155A-118F-4794-B551-C6F3CF7E5411}.Debug|iPhone.Build.0 = Debug|Any CPU
		{A5B8155A-118F-4794-B551-C6F3CF7E5411}.Debug|iPhoneSimulator.ActiveCfg = Debug|Any CPU
		{A5B8155A-118F-4794-B551-C6F3CF7E5411}.Debug|iPhoneSimulator.Build.0 = Debug|Any CPU
		{A5B8155A-118F-4794-B551-C6F3CF7E5411}.Debug|x64.ActiveCfg = Debug|Any CPU
		{A5B8155A-118F-4794-B551-C6F3CF7E5411}.Debug|x64.Build.0 = Debug|Any CPU
		{A5B8155A-118F-4794-B551-C6F3CF7E5411}.Debug|x86.ActiveCfg = Debug|Any CPU
		{A5B8155A-118F-4794-B551-C6F3CF7E5411}.Debug|x86.Build.0 = Debug|Any CPU
		{A5B8155A-118F-4794-B551-C6F3CF7E5411}.Release|Any CPU.ActiveCfg = Release|Any CPU
		{A5B8155A-118F-4794-B551-C6F3CF7E5411}.Release|Any CPU.Build.0 = Release|Any CPU
		{A5B8155A-118F-4794-B551-C6F3CF7E5411}.Release|ARM.ActiveCfg = Release|Any CPU
		{A5B8155A-118F-4794-B551-C6F3CF7E5411}.Release|ARM.Build.0 = Release|Any CPU
		{A5B8155A-118F-4794-B551-C6F3CF7E5411}.Release|ARM64.ActiveCfg = Release|Any CPU
		{A5B8155A-118F-4794-B551-C6F3CF7E5411}.Release|ARM64.Build.0 = Release|Any CPU
		{A5B8155A-118F-4794-B551-C6F3CF7E5411}.Release|iPhone.ActiveCfg = Release|Any CPU
		{A5B8155A-118F-4794-B551-C6F3CF7E5411}.Release|iPhone.Build.0 = Release|Any CPU
		{A5B8155A-118F-4794-B551-C6F3CF7E5411}.Release|iPhoneSimulator.ActiveCfg = Release|Any CPU
		{A5B8155A-118F-4794-B551-C6F3CF7E5411}.Release|iPhoneSimulator.Build.0 = Release|Any CPU
		{A5B8155A-118F-4794-B551-C6F3CF7E5411}.Release|x64.ActiveCfg = Release|Any CPU
		{A5B8155A-118F-4794-B551-C6F3CF7E5411}.Release|x64.Build.0 = Release|Any CPU
		{A5B8155A-118F-4794-B551-C6F3CF7E5411}.Release|x86.ActiveCfg = Release|Any CPU
		{A5B8155A-118F-4794-B551-C6F3CF7E5411}.Release|x86.Build.0 = Release|Any CPU
		{1AA13270-F438-4864-9435-54FD806E10EA}.Debug|Any CPU.ActiveCfg = Debug|x86
		{1AA13270-F438-4864-9435-54FD806E10EA}.Debug|Any CPU.Build.0 = Debug|x86
		{1AA13270-F438-4864-9435-54FD806E10EA}.Debug|Any CPU.Deploy.0 = Debug|x86
		{1AA13270-F438-4864-9435-54FD806E10EA}.Debug|ARM.ActiveCfg = Debug|Any CPU
		{1AA13270-F438-4864-9435-54FD806E10EA}.Debug|ARM.Build.0 = Debug|Any CPU
		{1AA13270-F438-4864-9435-54FD806E10EA}.Debug|ARM64.ActiveCfg = Debug|x86
		{1AA13270-F438-4864-9435-54FD806E10EA}.Debug|ARM64.Build.0 = Debug|x86
		{1AA13270-F438-4864-9435-54FD806E10EA}.Debug|iPhone.ActiveCfg = Debug|Any CPU
		{1AA13270-F438-4864-9435-54FD806E10EA}.Debug|iPhone.Build.0 = Debug|Any CPU
		{1AA13270-F438-4864-9435-54FD806E10EA}.Debug|iPhoneSimulator.ActiveCfg = Debug|Any CPU
		{1AA13270-F438-4864-9435-54FD806E10EA}.Debug|iPhoneSimulator.Build.0 = Debug|Any CPU
		{1AA13270-F438-4864-9435-54FD806E10EA}.Debug|x64.ActiveCfg = Debug|x64
		{1AA13270-F438-4864-9435-54FD806E10EA}.Debug|x64.Build.0 = Debug|x64
		{1AA13270-F438-4864-9435-54FD806E10EA}.Debug|x64.Deploy.0 = Debug|x64
		{1AA13270-F438-4864-9435-54FD806E10EA}.Debug|x86.ActiveCfg = Debug|x86
		{1AA13270-F438-4864-9435-54FD806E10EA}.Debug|x86.Build.0 = Debug|x86
		{1AA13270-F438-4864-9435-54FD806E10EA}.Debug|x86.Deploy.0 = Debug|x86
		{1AA13270-F438-4864-9435-54FD806E10EA}.Release|Any CPU.ActiveCfg = Release|Any CPU
		{1AA13270-F438-4864-9435-54FD806E10EA}.Release|Any CPU.Build.0 = Release|Any CPU
		{1AA13270-F438-4864-9435-54FD806E10EA}.Release|Any CPU.Deploy.0 = Release|Any CPU
		{1AA13270-F438-4864-9435-54FD806E10EA}.Release|ARM.ActiveCfg = Release|Any CPU
		{1AA13270-F438-4864-9435-54FD806E10EA}.Release|ARM.Build.0 = Release|Any CPU
		{1AA13270-F438-4864-9435-54FD806E10EA}.Release|ARM64.ActiveCfg = Release|x86
		{1AA13270-F438-4864-9435-54FD806E10EA}.Release|ARM64.Build.0 = Release|x86
		{1AA13270-F438-4864-9435-54FD806E10EA}.Release|iPhone.ActiveCfg = Release|Any CPU
		{1AA13270-F438-4864-9435-54FD806E10EA}.Release|iPhone.Build.0 = Release|Any CPU
		{1AA13270-F438-4864-9435-54FD806E10EA}.Release|iPhoneSimulator.ActiveCfg = Release|Any CPU
		{1AA13270-F438-4864-9435-54FD806E10EA}.Release|iPhoneSimulator.Build.0 = Release|Any CPU
		{1AA13270-F438-4864-9435-54FD806E10EA}.Release|x64.ActiveCfg = Release|x64
		{1AA13270-F438-4864-9435-54FD806E10EA}.Release|x64.Build.0 = Release|x64
		{1AA13270-F438-4864-9435-54FD806E10EA}.Release|x64.Deploy.0 = Release|x64
		{1AA13270-F438-4864-9435-54FD806E10EA}.Release|x86.ActiveCfg = Release|x86
		{1AA13270-F438-4864-9435-54FD806E10EA}.Release|x86.Build.0 = Release|x86
		{1AA13270-F438-4864-9435-54FD806E10EA}.Release|x86.Deploy.0 = Release|x86

		{40EA03F7-8A22-4143-B251-79BAC3EB13D2}.Debug|Any CPU.ActiveCfg = Debug|Any CPU
		{40EA03F7-8A22-4143-B251-79BAC3EB13D2}.Debug|Any CPU.Build.0 = Debug|Any CPU
		{40EA03F7-8A22-4143-B251-79BAC3EB13D2}.Debug|ARM.ActiveCfg = Debug|Any CPU
		{40EA03F7-8A22-4143-B251-79BAC3EB13D2}.Debug|ARM.Build.0 = Debug|Any CPU
		{40EA03F7-8A22-4143-B251-79BAC3EB13D2}.Debug|ARM64.ActiveCfg = Debug|Any CPU
		{40EA03F7-8A22-4143-B251-79BAC3EB13D2}.Debug|ARM64.Build.0 = Debug|Any CPU
		{40EA03F7-8A22-4143-B251-79BAC3EB13D2}.Debug|iPhone.ActiveCfg = Debug|Any CPU
		{40EA03F7-8A22-4143-B251-79BAC3EB13D2}.Debug|iPhone.Build.0 = Debug|Any CPU
		{40EA03F7-8A22-4143-B251-79BAC3EB13D2}.Debug|iPhoneSimulator.ActiveCfg = Debug|Any CPU
		{40EA03F7-8A22-4143-B251-79BAC3EB13D2}.Debug|iPhoneSimulator.Build.0 = Debug|Any CPU
		{40EA03F7-8A22-4143-B251-79BAC3EB13D2}.Debug|x64.ActiveCfg = Debug|Any CPU
		{40EA03F7-8A22-4143-B251-79BAC3EB13D2}.Debug|x64.Build.0 = Debug|Any CPU
		{40EA03F7-8A22-4143-B251-79BAC3EB13D2}.Debug|x86.ActiveCfg = Debug|Any CPU
		{40EA03F7-8A22-4143-B251-79BAC3EB13D2}.Debug|x86.Build.0 = Debug|Any CPU
		{40EA03F7-8A22-4143-B251-79BAC3EB13D2}.Release|Any CPU.ActiveCfg = Release|Any CPU
		{40EA03F7-8A22-4143-B251-79BAC3EB13D2}.Release|Any CPU.Build.0 = Release|Any CPU
		{40EA03F7-8A22-4143-B251-79BAC3EB13D2}.Release|ARM.ActiveCfg = Release|Any CPU
		{40EA03F7-8A22-4143-B251-79BAC3EB13D2}.Release|ARM.Build.0 = Release|Any CPU
		{40EA03F7-8A22-4143-B251-79BAC3EB13D2}.Release|ARM64.ActiveCfg = Release|Any CPU
		{40EA03F7-8A22-4143-B251-79BAC3EB13D2}.Release|ARM64.Build.0 = Release|Any CPU
		{40EA03F7-8A22-4143-B251-79BAC3EB13D2}.Release|iPhone.ActiveCfg = Release|Any CPU
		{40EA03F7-8A22-4143-B251-79BAC3EB13D2}.Release|iPhone.Build.0 = Release|Any CPU
		{40EA03F7-8A22-4143-B251-79BAC3EB13D2}.Release|iPhoneSimulator.ActiveCfg = Release|Any CPU
		{40EA03F7-8A22-4143-B251-79BAC3EB13D2}.Release|iPhoneSimulator.Build.0 = Release|Any CPU
		{40EA03F7-8A22-4143-B251-79BAC3EB13D2}.Release|x64.ActiveCfg = Release|Any CPU
		{40EA03F7-8A22-4143-B251-79BAC3EB13D2}.Release|x64.Build.0 = Release|Any CPU
		{40EA03F7-8A22-4143-B251-79BAC3EB13D2}.Release|x86.ActiveCfg = Release|Any CPU
		{40EA03F7-8A22-4143-B251-79BAC3EB13D2}.Release|x86.Build.0 = Release|Any CPU

		{A5B8155A-119F-4794-B551-C6F3CF7E5411}.Debug|Any CPU.ActiveCfg = Debug|Any CPU
		{A5B8155A-119F-4794-B551-C6F3CF7E5411}.Debug|Any CPU.Build.0 = Debug|Any CPU
		{A5B8155A-119F-4794-B551-C6F3CF7E5411}.Debug|ARM.ActiveCfg = Debug|Any CPU
		{A5B8155A-119F-4794-B551-C6F3CF7E5411}.Debug|ARM.Build.0 = Debug|Any CPU
		{A5B8155A-119F-4794-B551-C6F3CF7E5411}.Debug|ARM64.ActiveCfg = Debug|Any CPU
		{A5B8155A-119F-4794-B551-C6F3CF7E5411}.Debug|ARM64.Build.0 = Debug|Any CPU
		{A5B8155A-119F-4794-B551-C6F3CF7E5411}.Debug|iPhone.ActiveCfg = Debug|Any CPU
		{A5B8155A-119F-4794-B551-C6F3CF7E5411}.Debug|iPhone.Build.0 = Debug|Any CPU
		{A5B8155A-119F-4794-B551-C6F3CF7E5411}.Debug|iPhoneSimulator.ActiveCfg = Debug|Any CPU
		{A5B8155A-119F-4794-B551-C6F3CF7E5411}.Debug|iPhoneSimulator.Build.0 = Debug|Any CPU
		{A5B8155A-119F-4794-B551-C6F3CF7E5411}.Debug|x64.ActiveCfg = Debug|Any CPU
		{A5B8155A-119F-4794-B551-C6F3CF7E5411}.Debug|x64.Build.0 = Debug|Any CPU
		{A5B8155A-119F-4794-B551-C6F3CF7E5411}.Debug|x86.ActiveCfg = Debug|Any CPU
		{A5B8155A-119F-4794-B551-C6F3CF7E5411}.Debug|x86.Build.0 = Debug|Any CPU
		{A5B8155A-119F-4794-B551-C6F3CF7E5411}.Release|Any CPU.ActiveCfg = Release|Any CPU
		{A5B8155A-119F-4794-B551-C6F3CF7E5411}.Release|Any CPU.Build.0 = Release|Any CPU
		{A5B8155A-119F-4794-B551-C6F3CF7E5411}.Release|ARM.ActiveCfg = Release|Any CPU
		{A5B8155A-119F-4794-B551-C6F3CF7E5411}.Release|ARM.Build.0 = Release|Any CPU
		{A5B8155A-119F-4794-B551-C6F3CF7E5411}.Release|ARM64.ActiveCfg = Release|Any CPU
		{A5B8155A-119F-4794-B551-C6F3CF7E5411}.Release|ARM64.Build.0 = Release|Any CPU
		{A5B8155A-119F-4794-B551-C6F3CF7E5411}.Release|iPhone.ActiveCfg = Release|Any CPU
		{A5B8155A-119F-4794-B551-C6F3CF7E5411}.Release|iPhone.Build.0 = Release|Any CPU
		{A5B8155A-119F-4794-B551-C6F3CF7E5411}.Release|iPhoneSimulator.ActiveCfg = Release|Any CPU
		{A5B8155A-119F-4794-B551-C6F3CF7E5411}.Release|iPhoneSimulator.Build.0 = Release|Any CPU
		{A5B8155A-119F-4794-B551-C6F3CF7E5411}.Release|x64.ActiveCfg = Release|Any CPU
		{A5B8155A-119F-4794-B551-C6F3CF7E5411}.Release|x64.Build.0 = Release|Any CPU
		{A5B8155A-119F-4794-B551-C6F3CF7E5411}.Release|x86.ActiveCfg = Release|Any CPU
		{A5B8155A-119F-4794-B551-C6F3CF7E5411}.Release|x86.Build.0 = Release|Any CPU

		{40EA03F7-8A22-1234-B251-79BAC3EB13D2}.Debug|Any CPU.ActiveCfg = Debug|Any CPU
		{40EA03F7-8A22-1234-B251-79BAC3EB13D2}.Debug|Any CPU.Build.0 = Debug|Any CPU
		{40EA03F7-8A22-1234-B251-79BAC3EB13D2}.Debug|ARM.ActiveCfg = Debug|Any CPU
		{40EA03F7-8A22-1234-B251-79BAC3EB13D2}.Debug|ARM.Build.0 = Debug|Any CPU
		{40EA03F7-8A22-1234-B251-79BAC3EB13D2}.Debug|ARM64.ActiveCfg = Debug|Any CPU
		{40EA03F7-8A22-1234-B251-79BAC3EB13D2}.Debug|ARM64.Build.0 = Debug|Any CPU
		{40EA03F7-8A22-1234-B251-79BAC3EB13D2}.Debug|iPhone.ActiveCfg = Debug|Any CPU
		{40EA03F7-8A22-1234-B251-79BAC3EB13D2}.Debug|iPhone.Build.0 = Debug|Any CPU
		{40EA03F7-8A22-1234-B251-79BAC3EB13D2}.Debug|iPhoneSimulator.ActiveCfg = Debug|Any CPU
		{40EA03F7-8A22-1234-B251-79BAC3EB13D2}.Debug|iPhoneSimulator.Build.0 = Debug|Any CPU
		{40EA03F7-8A22-1234-B251-79BAC3EB13D2}.Debug|x64.ActiveCfg = Debug|Any CPU
		{40EA03F7-8A22-1234-B251-79BAC3EB13D2}.Debug|x64.Build.0 = Debug|Any CPU
		{40EA03F7-8A22-1234-B251-79BAC3EB13D2}.Debug|x86.ActiveCfg = Debug|Any CPU
		{40EA03F7-8A22-1234-B251-79BAC3EB13D2}.Debug|x86.Build.0 = Debug|Any CPU
		{40EA03F7-8A22-1234-B251-79BAC3EB13D2}.Release|Any CPU.ActiveCfg = Release|Any CPU
		{40EA03F7-8A22-1234-B251-79BAC3EB13D2}.Release|Any CPU.Build.0 = Release|Any CPU
		{40EA03F7-8A22-1234-B251-79BAC3EB13D2}.Release|ARM.ActiveCfg = Release|Any CPU
		{40EA03F7-8A22-1234-B251-79BAC3EB13D2}.Release|ARM.Build.0 = Release|Any CPU
		{40EA03F7-8A22-1234-B251-79BAC3EB13D2}.Release|ARM64.ActiveCfg = Release|Any CPU
		{40EA03F7-8A22-1234-B251-79BAC3EB13D2}.Release|ARM64.Build.0 = Release|Any CPU
		{40EA03F7-8A22-1234-B251-79BAC3EB13D2}.Release|iPhone.ActiveCfg = Release|Any CPU
		{40EA03F7-8A22-1234-B251-79BAC3EB13D2}.Release|iPhone.Build.0 = Release|Any CPU
		{40EA03F7-8A22-1234-B251-79BAC3EB13D2}.Release|iPhoneSimulator.ActiveCfg = Release|Any CPU
		{40EA03F7-8A22-1234-B251-79BAC3EB13D2}.Release|iPhoneSimulator.Build.0 = Release|Any CPU
		{40EA03F7-8A22-1234-B251-79BAC3EB13D2}.Release|x64.ActiveCfg = Release|Any CPU
		{40EA03F7-8A22-1234-B251-79BAC3EB13D2}.Release|x64.Build.0 = Release|Any CPU
		{40EA03F7-8A22-1234-B251-79BAC3EB13D2}.Release|x86.ActiveCfg = Release|Any CPU
		{40EA03F7-8A22-1234-B251-79BAC3EB13D2}.Release|x86.Build.0 = Release|Any CPU

		{524488BC-29AA-4BC0-A5C1-2C62078F2C8B}.Debug|Any CPU.ActiveCfg = Debug|iPhoneSimulator
		{524488BC-29AA-4BC0-A5C1-2C62078F2C8B}.Debug|Any CPU.Build.0 = Debug|iPhoneSimulator
		{524488BC-29AA-4BC0-A5C1-2C62078F2C8B}.Debug|ARM.ActiveCfg = Debug|iPhoneSimulator
		{524488BC-29AA-4BC0-A5C1-2C62078F2C8B}.Debug|ARM64.ActiveCfg = Debug|iPhoneSimulator
		{524488BC-29AA-4BC0-A5C1-2C62078F2C8B}.Debug|iPhone.ActiveCfg = Debug|iPhoneSimulator
		{524488BC-29AA-4BC0-A5C1-2C62078F2C8B}.Debug|iPhone.Build.0 = Debug|iPhoneSimulator
		{524488BC-29AA-4BC0-A5C1-2C62078F2C8B}.Debug|iPhoneSimulator.ActiveCfg = Debug|iPhoneSimulator
		{524488BC-29AA-4BC0-A5C1-2C62078F2C8B}.Debug|iPhoneSimulator.Build.0 = Debug|iPhoneSimulator
		{524488BC-29AA-4BC0-A5C1-2C62078F2C8B}.Debug|x64.ActiveCfg = Debug|iPhoneSimulator
		{524488BC-29AA-4BC0-A5C1-2C62078F2C8B}.Debug|x64.Build.0 = Debug|iPhoneSimulator
		{524488BC-29AA-4BC0-A5C1-2C62078F2C8B}.Debug|x86.ActiveCfg = Debug|iPhoneSimulator
		{524488BC-29AA-4BC0-A5C1-2C62078F2C8B}.Debug|x86.Build.0 = Debug|iPhoneSimulator
		{524488BC-29AA-4BC0-A5C1-2C62078F2C8B}.Release|Any CPU.ActiveCfg = Release|iPhoneSimulator
		{524488BC-29AA-4BC0-A5C1-2C62078F2C8B}.Release|ARM.ActiveCfg = Release|iPhoneSimulator
		{524488BC-29AA-4BC0-A5C1-2C62078F2C8B}.Release|ARM64.ActiveCfg = Release|iPhoneSimulator
		{524488BC-29AA-4BC0-A5C1-2C62078F2C8B}.Release|iPhone.ActiveCfg = Release|iPhoneSimulator
		{524488BC-29AA-4BC0-A5C1-2C62078F2C8B}.Release|iPhone.Build.0 = Release|iPhoneSimulator
		{524488BC-29AA-4BC0-A5C1-2C62078F2C8B}.Release|iPhoneSimulator.ActiveCfg = Release|iPhoneSimulator
		{524488BC-29AA-4BC0-A5C1-2C62078F2C8B}.Release|iPhoneSimulator.Build.0 = Release|iPhoneSimulator
		{524488BC-29AA-4BC0-A5C1-2C62078F2C8B}.Release|x64.ActiveCfg = Release|iPhoneSimulator
		{524488BC-29AA-4BC0-A5C1-2C62078F2C8B}.Release|x64.Build.0 = Release|iPhoneSimulator
		{524488BC-29AA-4BC0-A5C1-2C62078F2C8B}.Release|x86.ActiveCfg = Release|iPhoneSimulator
		{524488BC-29AA-4BC0-A5C1-2C62078F2C8B}.Release|x86.Build.0 = Release|iPhoneSimulator

		{04D3A50A-BD96-4168-A331-3AC5E63800DE}.Debug|Any CPU.ActiveCfg = Debug|arm64
		{04D3A50A-BD96-4168-A331-3AC5E63800DE}.Debug|Any CPU.Build.0 = Debug|arm64
		{04D3A50A-BD96-4168-A331-3AC5E63800DE}.Debug|ARM.ActiveCfg = Debug|Any CPU
		{04D3A50A-BD96-4168-A331-3AC5E63800DE}.Debug|ARM.Build.0 = Debug|Any CPU
		{04D3A50A-BD96-4168-A331-3AC5E63800DE}.Debug|ARM64.ActiveCfg = Debug|arm64
		{04D3A50A-BD96-4168-A331-3AC5E63800DE}.Debug|ARM64.Build.0 = Debug|arm64
		{04D3A50A-BD96-4168-A331-3AC5E63800DE}.Debug|iPhone.ActiveCfg = Debug|Any CPU
		{04D3A50A-BD96-4168-A331-3AC5E63800DE}.Debug|iPhone.Build.0 = Debug|Any CPU
		{04D3A50A-BD96-4168-A331-3AC5E63800DE}.Debug|iPhoneSimulator.ActiveCfg = Debug|Any CPU
		{04D3A50A-BD96-4168-A331-3AC5E63800DE}.Debug|iPhoneSimulator.Build.0 = Debug|Any CPU
		{04D3A50A-BD96-4168-A331-3AC5E63800DE}.Debug|x64.ActiveCfg = Debug|x64
		{04D3A50A-BD96-4168-A331-3AC5E63800DE}.Debug|x64.Build.0 = Debug|x64
		{04D3A50A-BD96-4168-A331-3AC5E63800DE}.Debug|x86.ActiveCfg = Debug|x86
		{04D3A50A-BD96-4168-A331-3AC5E63800DE}.Debug|x86.Build.0 = Debug|x86
		{04D3A50A-BD96-4168-A331-3AC5E63800DE}.Release|Any CPU.ActiveCfg = Release|Any CPU
		{04D3A50A-BD96-4168-A331-3AC5E63800DE}.Release|Any CPU.Build.0 = Release|Any CPU
		{04D3A50A-BD96-4168-A331-3AC5E63800DE}.Release|ARM.ActiveCfg = Release|Any CPU
		{04D3A50A-BD96-4168-A331-3AC5E63800DE}.Release|ARM.Build.0 = Release|Any CPU
		{04D3A50A-BD96-4168-A331-3AC5E63800DE}.Release|ARM64.ActiveCfg = Release|arm64
		{04D3A50A-BD96-4168-A331-3AC5E63800DE}.Release|ARM64.Build.0 = Release|arm64
		{04D3A50A-BD96-4168-A331-3AC5E63800DE}.Release|iPhone.ActiveCfg = Release|Any CPU
		{04D3A50A-BD96-4168-A331-3AC5E63800DE}.Release|iPhone.Build.0 = Release|Any CPU
		{04D3A50A-BD96-4168-A331-3AC5E63800DE}.Release|iPhoneSimulator.ActiveCfg = Release|Any CPU
		{04D3A50A-BD96-4168-A331-3AC5E63800DE}.Release|iPhoneSimulator.Build.0 = Release|Any CPU
		{04D3A50A-BD96-4168-A331-3AC5E63800DE}.Release|x64.ActiveCfg = Release|x64
		{04D3A50A-BD96-4168-A331-3AC5E63800DE}.Release|x64.Build.0 = Release|x64
		{04D3A50A-BD96-4168-A331-3AC5E63800DE}.Release|x86.ActiveCfg = Release|x86
		{04D3A50A-BD96-4168-A331-3AC5E63800DE}.Release|x86.Build.0 = Release|x86

		{761D821E-9905-4444-9ADF-76C995FE5427}.Debug|Any CPU.ActiveCfg = Debug|Any CPU
		{761D821E-9905-4444-9ADF-76C995FE5427}.Debug|Any CPU.Build.0 = Debug|Any CPU
		{761D821E-9905-4444-9ADF-76C995FE5427}.Debug|ARM.ActiveCfg = Debug|Any CPU
		{761D821E-9905-4444-9ADF-76C995FE5427}.Debug|ARM.Build.0 = Debug|Any CPU
		{761D821E-9905-4444-9ADF-76C995FE5427}.Debug|ARM64.ActiveCfg = Debug|Any CPU
		{761D821E-9905-4444-9ADF-76C995FE5427}.Debug|ARM64.Build.0 = Debug|Any CPU
		{761D821E-9905-4444-9ADF-76C995FE5427}.Debug|iPhone.ActiveCfg = Debug|Any CPU
		{761D821E-9905-4444-9ADF-76C995FE5427}.Debug|iPhone.Build.0 = Debug|Any CPU
		{761D821E-9905-4444-9ADF-76C995FE5427}.Debug|iPhoneSimulator.ActiveCfg = Debug|Any CPU
		{761D821E-9905-4444-9ADF-76C995FE5427}.Debug|iPhoneSimulator.Build.0 = Debug|Any CPU
		{761D821E-9905-4444-9ADF-76C995FE5427}.Debug|x64.ActiveCfg = Debug|Any CPU
		{761D821E-9905-4444-9ADF-76C995FE5427}.Debug|x64.Build.0 = Debug|Any CPU
		{761D821E-9905-4444-9ADF-76C995FE5427}.Debug|x86.ActiveCfg = Debug|Any CPU
		{761D821E-9905-4444-9ADF-76C995FE5427}.Debug|x86.Build.0 = Debug|Any CPU
		{761D821E-9905-4444-9ADF-76C995FE5427}.Release|Any CPU.ActiveCfg = Release|Any CPU
		{761D821E-9905-4444-9ADF-76C995FE5427}.Release|Any CPU.Build.0 = Release|Any CPU
		{761D821E-9905-4444-9ADF-76C995FE5427}.Release|ARM.ActiveCfg = Release|Any CPU
		{761D821E-9905-4444-9ADF-76C995FE5427}.Release|ARM.Build.0 = Release|Any CPU
		{761D821E-9905-4444-9ADF-76C995FE5427}.Release|ARM64.ActiveCfg = Release|Any CPU
		{761D821E-9905-4444-9ADF-76C995FE5427}.Release|ARM64.Build.0 = Release|Any CPU
		{761D821E-9905-4444-9ADF-76C995FE5427}.Release|iPhone.ActiveCfg = Release|Any CPU
		{761D821E-9905-4444-9ADF-76C995FE5427}.Release|iPhone.Build.0 = Release|Any CPU
		{761D821E-9905-4444-9ADF-76C995FE5427}.Release|iPhoneSimulator.ActiveCfg = Release|Any CPU
		{761D821E-9905-4444-9ADF-76C995FE5427}.Release|iPhoneSimulator.Build.0 = Release|Any CPU
		{761D821E-9905-4444-9ADF-76C995FE5427}.Release|x64.ActiveCfg = Release|Any CPU
		{761D821E-9905-4444-9ADF-76C995FE5427}.Release|x64.Build.0 = Release|Any CPU
		{761D821E-9905-4444-9ADF-76C995FE5427}.Release|x86.ActiveCfg = Release|Any CPU
		{761D821E-9905-4444-9ADF-76C995FE5427}.Release|x86.Build.0 = Release|Any CPU

	EndGlobalSection
	GlobalSection(SolutionProperties) = preSolution
		HideSolutionNode = FALSE
	EndGlobalSection
	GlobalSection(ExtensibilityGlobals) = postSolution
		SolutionGuid = {C7433AE2-B1A0-4C1A-887E-5CAA7AAF67A6}
	EndGlobalSection
EndGlobal
